
Microsoft Visual Studio Solution File, Format Version 12.00
# Visual Studio Version 17
VisualStudioVersion = 17.5.002.0
MinimumVisualStudioVersion = 10.0.40219.1
Project("{9A19103F-16F7-4668-BE54-9A1E7A4F7556}") = "TrilhaApiDesafio", "TrilhaApiDesafio.csproj", "{576BC940-04A3-44B8-BAC0-8A4DD8ABF681}"
EndProject
Global
	GlobalSection(SolutionConfigurationPlatforms) = preSolution
		Debug|Any CPU = Debug|Any CPU
		Release|Any CPU = Release|Any CPU
	EndGlobalSection
	GlobalSection(ProjectConfigurationPlatforms) = postSolution
		{576BC940-04A3-44B8-BAC0-8A4DD8ABF681}.Debug|Any CPU.ActiveCfg = Debug|Any CPU
		{576BC940-04A3-44B8-BAC0-8A4DD8ABF681}.Debug|Any CPU.Build.0 = Debug|Any CPU
		{576BC940-04A3-44B8-BAC0-8A4DD8ABF681}.Release|Any CPU.ActiveCfg = Release|Any CPU
		{576BC940-04A3-44B8-BAC0-8A4DD8ABF681}.Release|Any CPU.Build.0 = Release|Any CPU
	EndGlobalSection
	GlobalSection(SolutionProperties) = preSolution
		HideSolutionNode = FALSE
	EndGlobalSection
	GlobalSection(ExtensibilityGlobals) = postSolution
		SolutionGuid = {47D56462-FEAA-41EC-9604-A2ACE8E513AA}
	EndGlobalSection
EndGlobal
